
Microsoft Visual Studio Solution File, Format Version 12.00
# Visual Studio Version 17
VisualStudioVersion = 17.11.35222.181
MinimumVisualStudioVersion = 10.0.40219.1
Project("{FAE04EC0-301F-11D3-BF4B-00C04F79EFBC}") = "Finstats", "Finstats\Finstats.csproj", "{77606849-424E-4147-B246-70BFA9E72489}"
EndProject
Global
	GlobalSection(SolutionConfigurationPlatforms) = preSolution
		Debug|Any CPU = Debug|Any CPU
		Release|Any CPU = Release|Any CPU
	EndGlobalSection
	GlobalSection(ProjectConfigurationPlatforms) = postSolution
		{77606849-424E-4147-B246-70BFA9E72489}.Debug|Any CPU.ActiveCfg = Debug|Any CPU
		{77606849-424E-4147-B246-70BFA9E72489}.Debug|Any CPU.Build.0 = Debug|Any CPU
		{77606849-424E-4147-B246-70BFA9E72489}.Release|Any CPU.ActiveCfg = Release|Any CPU
		{77606849-424E-4147-B246-70BFA9E72489}.Release|Any CPU.Build.0 = Release|Any CPU
	EndGlobalSection
	GlobalSection(SolutionProperties) = preSolution
		HideSolutionNode = FALSE
	EndGlobalSection
	GlobalSection(ExtensibilityGlobals) = postSolution
		SolutionGuid = {DBAA8136-9807-411A-A9F1-72324DD1CA71}
	EndGlobalSection
EndGlobal
